
Microsoft Visual Studio Solution File, Format Version 12.00
# Visual Studio Version 17
VisualStudioVersion = 17.7.34024.191
MinimumVisualStudioVersion = 10.0.40219.1
Project("{FAE04EC0-301F-11D3-BF4B-00C04F79EFBC}") = "CalculatorLib", "CalculatorLib\CalculatorLib.csproj", "{4B351B51-BB0C-49FF-9C9D-5A26EAE73EBE}"
EndProject
Project("{FAE04EC0-301F-11D3-BF4B-00C04F79EFBC}") = "SpecFlowProject1", "SpecFlowProject1\SpecFlowProject1.csproj", "{4F74AF62-A314-448A-98A0-32279016710C}"
EndProject
Global
	GlobalSection(SolutionConfigurationPlatforms) = preSolution
		Debug|Any CPU = Debug|Any CPU
		Release|Any CPU = Release|Any CPU
	EndGlobalSection
	GlobalSection(ProjectConfigurationPlatforms) = postSolution
		{4B351B51-BB0C-49FF-9C9D-5A26EAE73EBE}.Debug|Any CPU.ActiveCfg = Debug|Any CPU
		{4B351B51-BB0C-49FF-9C9D-5A26EAE73EBE}.Debug|Any CPU.Build.0 = Debug|Any CPU
		{4B351B51-BB0C-49FF-9C9D-5A26EAE73EBE}.Release|Any CPU.ActiveCfg = Release|Any CPU
		{4B351B51-BB0C-49FF-9C9D-5A26EAE73EBE}.Release|Any CPU.Build.0 = Release|Any CPU
		{4F74AF62-A314-448A-98A0-32279016710C}.Debug|Any CPU.ActiveCfg = Debug|Any CPU
		{4F74AF62-A314-448A-98A0-32279016710C}.Debug|Any CPU.Build.0 = Debug|Any CPU
		{4F74AF62-A314-448A-98A0-32279016710C}.Release|Any CPU.ActiveCfg = Release|Any CPU
		{4F74AF62-A314-448A-98A0-32279016710C}.Release|Any CPU.Build.0 = Release|Any CPU
	EndGlobalSection
	GlobalSection(SolutionProperties) = preSolution
		HideSolutionNode = FALSE
	EndGlobalSection
	GlobalSection(ExtensibilityGlobals) = postSolution
		SolutionGuid = {957DBE19-D499-481B-9421-5F646B5F89DC}
	EndGlobalSection
EndGlobal
