
Microsoft Visual Studio Solution File, Format Version 12.00
# Visual Studio Version 17
VisualStudioVersion = 17.7.34024.191
MinimumVisualStudioVersion = 10.0.40219.1
Project("{FAE04EC0-301F-11D3-BF4B-00C04F79EFBC}") = "CalculatorTestProj", "CalculatorTestProj\CalculatorTestProj.csproj", "{B0653F80-F55A-42F8-9F50-30E458CDC04D}"
EndProject
Project("{FAE04EC0-301F-11D3-BF4B-00C04F79EFBC}") = "CalcLib", "CalcLib\CalcLib.csproj", "{8737CE67-9A40-498E-A785-19DC4EA69DB7}"
EndProject
Global
	GlobalSection(SolutionConfigurationPlatforms) = preSolution
		Debug|Any CPU = Debug|Any CPU
		Release|Any CPU = Release|Any CPU
	EndGlobalSection
	GlobalSection(ProjectConfigurationPlatforms) = postSolution
		{B0653F80-F55A-42F8-9F50-30E458CDC04D}.Debug|Any CPU.ActiveCfg = Debug|Any CPU
		{B0653F80-F55A-42F8-9F50-30E458CDC04D}.Debug|Any CPU.Build.0 = Debug|Any CPU
		{B0653F80-F55A-42F8-9F50-30E458CDC04D}.Release|Any CPU.ActiveCfg = Release|Any CPU
		{B0653F80-F55A-42F8-9F50-30E458CDC04D}.Release|Any CPU.Build.0 = Release|Any CPU
		{8737CE67-9A40-498E-A785-19DC4EA69DB7}.Debug|Any CPU.ActiveCfg = Debug|Any CPU
		{8737CE67-9A40-498E-A785-19DC4EA69DB7}.Debug|Any CPU.Build.0 = Debug|Any CPU
		{8737CE67-9A40-498E-A785-19DC4EA69DB7}.Release|Any CPU.ActiveCfg = Release|Any CPU
		{8737CE67-9A40-498E-A785-19DC4EA69DB7}.Release|Any CPU.Build.0 = Release|Any CPU
	EndGlobalSection
	GlobalSection(SolutionProperties) = preSolution
		HideSolutionNode = FALSE
	EndGlobalSection
	GlobalSection(ExtensibilityGlobals) = postSolution
		SolutionGuid = {4504662B-5EB1-4089-9A05-A3908DCFA7CC}
	EndGlobalSection
EndGlobal
